
Microsoft Visual Studio Solution File, Format Version 12.00
# Visual Studio Version 17
VisualStudioVersion = 17.7.34031.279
MinimumVisualStudioVersion = 10.0.40219.1
Project("{8BC9CEB8-8B4A-11D0-8D11-00A0C91BC942}") = "ch8_1", "graph_과제\graph_과제.vcxproj", "{58B67CD3-3D79-48F6-AF9D-046A091C9DAD}"
EndProject
Project("{8BC9CEB8-8B4A-11D0-8D11-00A0C91BC942}") = "ch8_2", "ch8_2\ch8_2.vcxproj", "{CA0C4132-4374-42E8-8429-7186E7D09C3A}"
EndProject
Global
	GlobalSection(SolutionConfigurationPlatforms) = preSolution
		Debug|x64 = Debug|x64
		Debug|x86 = Debug|x86
		Release|x64 = Release|x64
		Release|x86 = Release|x86
	EndGlobalSection
	GlobalSection(ProjectConfigurationPlatforms) = postSolution
		{58B67CD3-3D79-48F6-AF9D-046A091C9DAD}.Debug|x64.ActiveCfg = Debug|x64
		{58B67CD3-3D79-48F6-AF9D-046A091C9DAD}.Debug|x64.Build.0 = Debug|x64
		{58B67CD3-3D79-48F6-AF9D-046A091C9DAD}.Debug|x86.ActiveCfg = Debug|Win32
		{58B67CD3-3D79-48F6-AF9D-046A091C9DAD}.Debug|x86.Build.0 = Debug|Win32
		{58B67CD3-3D79-48F6-AF9D-046A091C9DAD}.Release|x64.ActiveCfg = Release|x64
		{58B67CD3-3D79-48F6-AF9D-046A091C9DAD}.Release|x64.Build.0 = Release|x64
		{58B67CD3-3D79-48F6-AF9D-046A091C9DAD}.Release|x86.ActiveCfg = Release|Win32
		{58B67CD3-3D79-48F6-AF9D-046A091C9DAD}.Release|x86.Build.0 = Release|Win32
		{CA0C4132-4374-42E8-8429-7186E7D09C3A}.Debug|x64.ActiveCfg = Debug|x64
		{CA0C4132-4374-42E8-8429-7186E7D09C3A}.Debug|x64.Build.0 = Debug|x64
		{CA0C4132-4374-42E8-8429-7186E7D09C3A}.Debug|x86.ActiveCfg = Debug|Win32
		{CA0C4132-4374-42E8-8429-7186E7D09C3A}.Debug|x86.Build.0 = Debug|Win32
		{CA0C4132-4374-42E8-8429-7186E7D09C3A}.Release|x64.ActiveCfg = Release|x64
		{CA0C4132-4374-42E8-8429-7186E7D09C3A}.Release|x64.Build.0 = Release|x64
		{CA0C4132-4374-42E8-8429-7186E7D09C3A}.Release|x86.ActiveCfg = Release|Win32
		{CA0C4132-4374-42E8-8429-7186E7D09C3A}.Release|x86.Build.0 = Release|Win32
	EndGlobalSection
	GlobalSection(SolutionProperties) = preSolution
		HideSolutionNode = FALSE
	EndGlobalSection
	GlobalSection(ExtensibilityGlobals) = postSolution
		SolutionGuid = {B46E9AD8-FDE8-4FF0-B129-398AD99A0573}
	EndGlobalSection
EndGlobal
